<?xml version="1.0" encoding="utf-8"?>
<Project ToolsVersion="4.0" xmlns="http://schemas.microsoft.com/developer/msbuild/2003">
  <ItemGroup>
    <Filter Include="project">
      <UniqueIdentifier>{470261bf-5970-4a16-8b66-9df59ccd2746}</UniqueIdentifier>
    </Filter>
  </ItemGroup>
  <ItemGroup>
    <ClInclude Include="directory.h">
      <Filter>project</Filter>
    </ClInclude>
  </ItemGroup>
  <ItemGroup>
    <ClCompile Include="directory.cpp">
      <Filter>project</Filter>
    </ClCompile>
    <ClCompile Include="main.cpp">
      <Filter>project</Filter>
    </ClCompile>
  </ItemGroup>
</Project>